
Microsoft Visual Studio Solution File, Format Version 10.00
# Visual Studio 2008
Project("{FAE04EC0-301F-11D3-BF4B-00C04F79EFBC}") = "HttpParser", "HttpParser.csproj", "{7AFFF75B-3914-4A8F-852B-95084F23A818}"
EndProject
Global
	GlobalSection(SolutionConfigurationPlatforms) = preSolution
		Debug|Any CPU = Debug|Any CPU
		Release|Any CPU = Release|Any CPU
	EndGlobalSection
	GlobalSection(ProjectConfigurationPlatforms) = postSolution
		{7AFFF75B-3914-4A8F-852B-95084F23A818}.Debug|Any CPU.ActiveCfg = Debug|Any CPU
		{7AFFF75B-3914-4A8F-852B-95084F23A818}.Debug|Any CPU.Build.0 = Debug|Any CPU
		{7AFFF75B-3914-4A8F-852B-95084F23A818}.Release|Any CPU.ActiveCfg = Release|Any CPU
		{7AFFF75B-3914-4A8F-852B-95084F23A818}.Release|Any CPU.Build.0 = Release|Any CPU
	EndGlobalSection
	GlobalSection(SolutionProperties) = preSolution
		HideSolutionNode = FALSE
	EndGlobalSection
EndGlobal
